// !$*UTF8*$!
{
	archiveVersion = 1;
	classes = {
	};
	objectVersion = 50;
	objects = {

/* Begin PBXBuildFile section */
		5551EB452613A2FE00524AC2 /* nomApp.swift in Sources */ = {isa = PBXBuildFile; fileRef = 5551EB442613A2FE00524AC2 /* nomApp.swift */; };
		5551EB472613A2FE00524AC2 /* ContentView.swift in Sources */ = {isa = PBXBuildFile; fileRef = 5551EB462613A2FE00524AC2 /* ContentView.swift */; };
		5551EB492613A2FF00524AC2 /* Assets.xcassets in Resources */ = {isa = PBXBuildFile; fileRef = 5551EB482613A2FF00524AC2 /* Assets.xcassets */; };
		5551EB4C2613A2FF00524AC2 /* Preview Assets.xcassets in Resources */ = {isa = PBXBuildFile; fileRef = 5551EB4B2613A2FF00524AC2 /* Preview Assets.xcassets */; };
		5551EB572613A2FF00524AC2 /* nomTests.swift in Sources */ = {isa = PBXBuildFile; fileRef = 5551EB562613A2FF00524AC2 /* nomTests.swift */; };
		5551EB622613A2FF00524AC2 /* nomUITests.swift in Sources */ = {isa = PBXBuildFile; fileRef = 5551EB612613A2FF00524AC2 /* nomUITests.swift */; };
/* End PBXBuildFile section */

/* Begin PBXContainerItemProxy section */
		5551EB532613A2FF00524AC2 /* PBXContainerItemProxy */ = {
			isa = PBXContainerItemProxy;
			containerPortal = 5551EB392613A2FE00524AC2 /* Project object */;
			proxyType = 1;
			remoteGlobalIDString = 5551EB402613A2FE00524AC2;
			remoteInfo = nom;
		};
		5551EB5E2613A2FF00524AC2 /* PBXContainerItemProxy */ = {
			isa = PBXContainerItemProxy;
			containerPortal = 5551EB392613A2FE00524AC2 /* Project object */;
			proxyType = 1;
			remoteGlobalIDString = 5551EB402613A2FE00524AC2;
			remoteInfo = nom;
		};
/* End PBXContainerItemProxy section */

/* Begin PBXFileReference section */
		5551EB412613A2FE00524AC2 /* nom.app */ = {isa = PBXFileReference; explicitFileType = wrapper.application; includeInIndex = 0; path = nom.app; sourceTree = BUILT_PRODUCTS_DIR; };
		5551EB442613A2FE00524AC2 /* nomApp.swift */ = {isa = PBXFileReference; lastKnownFileType = sourcecode.swift; path = nomApp.swift; sourceTree = "<group>"; };
		5551EB462613A2FE00524AC2 /* ContentView.swift */ = {isa = PBXFileReference; lastKnownFileType = sourcecode.swift; path = ContentView.swift; sourceTree = "<group>"; };
		5551EB482613A2FF00524AC2 /* Assets.xcassets */ = {isa = PBXFileReference; lastKnownFileType = folder.assetcatalog; path = Assets.xcassets; sourceTree = "<group>"; };
		5551EB4B2613A2FF00524AC2 /* Preview Assets.xcassets */ = {isa = PBXFileReference; lastKnownFileType = folder.assetcatalog; path = "Preview Assets.xcassets"; sourceTree = "<group>"; };
		5551EB4D2613A2FF00524AC2 /* Info.plist */ = {isa = PBXFileReference; lastKnownFileType = text.plist.xml; path = Info.plist; sourceTree = "<group>"; };
		5551EB522613A2FF00524AC2 /* nomTests.xctest */ = {isa = PBXFileReference; explicitFileType = wrapper.cfbundle; includeInIndex = 0; path = nomTests.xctest; sourceTree = BUILT_PRODUCTS_DIR; };
		5551EB562613A2FF00524AC2 /* nomTests.swift */ = {isa = PBXFileReference; lastKnownFileType = sourcecode.swift; path = nomTests.swift; sourceTree = "<group>"; };
		5551EB582613A2FF00524AC2 /* Info.plist */ = {isa = PBXFileReference; lastKnownFileType = text.plist.xml; path = Info.plist; sourceTree = "<group>"; };
		5551EB5D2613A2FF00524AC2 /* nomUITests.xctest */ = {isa = PBXFileReference; explicitFileType = wrapper.cfbundle; includeInIndex = 0; path = nomUITests.xctest; sourceTree = BUILT_PRODUCTS_DIR; };
		5551EB612613A2FF00524AC2 /* nomUITests.swift */ = {isa = PBXFileReference; lastKnownFileType = sourcecode.swift; path = nomUITests.swift; sourceTree = "<group>"; };
		5551EB632613A2FF00524AC2 /* Info.plist */ = {isa = PBXFileReference; lastKnownFileType = text.plist.xml; path = Info.plist; sourceTree = "<group>"; };
/* End PBXFileReference section */

/* Begin PBXFrameworksBuildPhase section */
		5551EB3E2613A2FE00524AC2 /* Frameworks */ = {
			isa = PBXFrameworksBuildPhase;
			buildActionMask = 2147483647;
			files = (
			);
			runOnlyForDeploymentPostprocessing = 0;
		};
		5551EB4F2613A2FF00524AC2 /* Frameworks */ = {
			isa = PBXFrameworksBuildPhase;
			buildActionMask = 2147483647;
			files = (
			);
			runOnlyForDeploymentPostprocessing = 0;
		};
		5551EB5A2613A2FF00524AC2 /* Frameworks */ = {
			isa = PBXFrameworksBuildPhase;
			buildActionMask = 2147483647;
			files = (
			);
			runOnlyForDeploymentPostprocessing = 0;
		};
/* End PBXFrameworksBuildPhase section */

/* Begin PBXGroup section */
		5551EB382613A2FE00524AC2 = {
			isa = PBXGroup;
			children = (
				5551EB432613A2FE00524AC2 /* nom */,
				5551EB552613A2FF00524AC2 /* nomTests */,
				5551EB602613A2FF00524AC2 /* nomUITests */,
				5551EB422613A2FE00524AC2 /* Products */,
			);
			sourceTree = "<group>";
		};
		5551EB422613A2FE00524AC2 /* Products */ = {
			isa = PBXGroup;
			children = (
				5551EB412613A2FE00524AC2 /* nom.app */,
				5551EB522613A2FF00524AC2 /* nomTests.xctest */,
				5551EB5D2613A2FF00524AC2 /* nomUITests.xctest */,
			);
			name = Products;
			sourceTree = "<group>";
		};
		5551EB432613A2FE00524AC2 /* nom */ = {
			isa = PBXGroup;
			children = (
				5551EB442613A2FE00524AC2 /* nomApp.swift */,
				5551EB462613A2FE00524AC2 /* ContentView.swift */,
				5551EB482613A2FF00524AC2 /* Assets.xcassets */,
				5551EB4D2613A2FF00524AC2 /* Info.plist */,
				5551EB4A2613A2FF00524AC2 /* Preview Content */,
			);
			path = nom;
			sourceTree = "<group>";
		};
		5551EB4A2613A2FF00524AC2 /* Preview Content */ = {
			isa = PBXGroup;
			children = (
				5551EB4B2613A2FF00524AC2 /* Preview Assets.xcassets */,
			);
			path = "Preview Content";
			sourceTree = "<group>";
		};
		5551EB552613A2FF00524AC2 /* nomTests */ = {
			isa = PBXGroup;
			children = (
				5551EB562613A2FF00524AC2 /* nomTests.swift */,
				5551EB582613A2FF00524AC2 /* Info.plist */,
			);
			path = nomTests;
			sourceTree = "<group>";
		};
		5551EB602613A2FF00524AC2 /* nomUITests */ = {
			isa = PBXGroup;
			children = (
				5551EB612613A2FF00524AC2 /* nomUITests.swift */,
				5551EB632613A2FF00524AC2 /* Info.plist */,
			);
			path = nomUITests;
			sourceTree = "<group>";
		};
/* End PBXGroup section */

/* Begin PBXNativeTarget section */
		5551EB402613A2FE00524AC2 /* nom */ = {
			isa = PBXNativeTarget;
			buildConfigurationList = 5551EB662613A2FF00524AC2 /* Build configuration list for PBXNativeTarget "nom" */;
			buildPhases = (
				5551EB3D2613A2FE00524AC2 /* Sources */,
				5551EB3E2613A2FE00524AC2 /* Frameworks */,
				5551EB3F2613A2FE00524AC2 /* Resources */,
			);
			buildRules = (
			);
			dependencies = (
			);
			name = nom;
			productName = nom;
			productReference = 5551EB412613A2FE00524AC2 /* nom.app */;
			productType = "com.apple.product-type.application";
		};
		5551EB512613A2FF00524AC2 /* nomTests */ = {
			isa = PBXNativeTarget;
			buildConfigurationList = 5551EB692613A2FF00524AC2 /* Build configuration list for PBXNativeTarget "nomTests" */;
			buildPhases = (
				5551EB4E2613A2FF00524AC2 /* Sources */,
				5551EB4F2613A2FF00524AC2 /* Frameworks */,
				5551EB502613A2FF00524AC2 /* Resources */,
			);
			buildRules = (
			);
			dependencies = (
				5551EB542613A2FF00524AC2 /* PBXTargetDependency */,
			);
			name = nomTests;
			productName = nomTests;
			productReference = 5551EB522613A2FF00524AC2 /* nomTests.xctest */;
			productType = "com.apple.product-type.bundle.unit-test";
		};
		5551EB5C2613A2FF00524AC2 /* nomUITests */ = {
			isa = PBXNativeTarget;
			buildConfigurationList = 5551EB6C2613A2FF00524AC2 /* Build configuration list for PBXNativeTarget "nomUITests" */;
			buildPhases = (
				5551EB592613A2FF00524AC2 /* Sources */,
				5551EB5A2613A2FF00524AC2 /* Frameworks */,
				5551EB5B2613A2FF00524AC2 /* Resources */,
			);
			buildRules = (
			);
			dependencies = (
				5551EB5F2613A2FF00524AC2 /* PBXTargetDependency */,
			);
			name = nomUITests;
			productName = nomUITests;
			productReference = 5551EB5D2613A2FF00524AC2 /* nomUITests.xctest */;
			productType = "com.apple.product-type.bundle.ui-testing";
		};
/* End PBXNativeTarget section */

/* Begin PBXProject section */
		5551EB392613A2FE00524AC2 /* Project object */ = {
			isa = PBXProject;
			attributes = {
				LastSwiftUpdateCheck = 1240;
				LastUpgradeCheck = 1240;
				TargetAttributes = {
					5551EB402613A2FE00524AC2 = {
						CreatedOnToolsVersion = 12.4;
					};
					5551EB512613A2FF00524AC2 = {
						CreatedOnToolsVersion = 12.4;
						TestTargetID = 5551EB402613A2FE00524AC2;
					};
					5551EB5C2613A2FF00524AC2 = {
						CreatedOnToolsVersion = 12.4;
						TestTargetID = 5551EB402613A2FE00524AC2;
					};
				};
			};
			buildConfigurationList = 5551EB3C2613A2FE00524AC2 /* Build configuration list for PBXProject "nom" */;
			compatibilityVersion = "Xcode 9.3";
			developmentRegion = en;
			hasScannedForEncodings = 0;
			knownRegions = (
				en,
				Base,
			);
			mainGroup = 5551EB382613A2FE00524AC2;
			productRefGroup = 5551EB422613A2FE00524AC2 /* Products */;
			projectDirPath = "";
			projectRoot = "";
			targets = (
				5551EB402613A2FE00524AC2 /* nom */,
				5551EB512613A2FF00524AC2 /* nomTests */,
				5551EB5C2613A2FF00524AC2 /* nomUITests */,
			);
		};
/* End PBXProject section */

/* Begin PBXResourcesBuildPhase section */
		5551EB3F2613A2FE00524AC2 /* Resources */ = {
			isa = PBXResourcesBuildPhase;
			buildActionMask = 2147483647;
			files = (
				5551EB4C2613A2FF00524AC2 /* Preview Assets.xcassets in Resources */,
				5551EB492613A2FF00524AC2 /* Assets.xcassets in Resources */,
			);
			runOnlyForDeploymentPostprocessing = 0;
		};
		5551EB502613A2FF00524AC2 /* Resources */ = {
			isa = PBXResourcesBuildPhase;
			buildActionMask = 2147483647;
			files = (
			);
			runOnlyForDeploymentPostprocessing = 0;
		};
		5551EB5B2613A2FF00524AC2 /* Resources */ = {
			isa = PBXResourcesBuildPhase;
			buildActionMask = 2147483647;
			files = (
			);
			runOnlyForDeploymentPostprocessing = 0;
		};
/* End PBXResourcesBuildPhase section */

/* Begin PBXSourcesBuildPhase section */
		5551EB3D2613A2FE00524AC2 /* Sources */ = {
			isa = PBXSourcesBuildPhase;
			buildActionMask = 2147483647;
			files = (
				5551EB472613A2FE00524AC2 /* ContentView.swift in Sources */,
				5551EB452613A2FE00524AC2 /* nomApp.swift in Sources */,
			);
			runOnlyForDeploymentPostprocessing = 0;
		};
		5551EB4E2613A2FF00524AC2 /* Sources */ = {
			isa = PBXSourcesBuildPhase;
			buildActionMask = 2147483647;
			files = (
				5551EB572613A2FF00524AC2 /* nomTests.swift in Sources */,
			);
			runOnlyForDeploymentPostprocessing = 0;
		};
		5551EB592613A2FF00524AC2 /* Sources */ = {
			isa = PBXSourcesBuildPhase;
			buildActionMask = 2147483647;
			files = (
				5551EB622613A2FF00524AC2 /* nomUITests.swift in Sources */,
			);
			runOnlyForDeploymentPostprocessing = 0;
		};
/* End PBXSourcesBuildPhase section */

/* Begin PBXTargetDependency section */
		5551EB542613A2FF00524AC2 /* PBXTargetDependency */ = {
			isa = PBXTargetDependency;
			target = 5551EB402613A2FE00524AC2 /* nom */;
			targetProxy = 5551EB532613A2FF00524AC2 /* PBXContainerItemProxy */;
		};
		5551EB5F2613A2FF00524AC2 /* PBXTargetDependency */ = {
			isa = PBXTargetDependency;
			target = 5551EB402613A2FE00524AC2 /* nom */;
			targetProxy = 5551EB5E2613A2FF00524AC2 /* PBXContainerItemProxy */;
		};
/* End PBXTargetDependency section */

/* Begin XCBuildConfiguration section */
		5551EB642613A2FF00524AC2 /* Debug */ = {
			isa = XCBuildConfiguration;
			buildSettings = {
				ALWAYS_SEARCH_USER_PATHS = NO;
				CLANG_ANALYZER_NONNULL = YES;
				CLANG_ANALYZER_NUMBER_OBJECT_CONVERSION = YES_AGGRESSIVE;
				CLANG_CXX_LANGUAGE_STANDARD = "gnu++14";
				CLANG_CXX_LIBRARY = "libc++";
				CLANG_ENABLE_MODULES = YES;
				CLANG_ENABLE_OBJC_ARC = YES;
				CLANG_ENABLE_OBJC_WEAK = YES;
				CLANG_WARN_BLOCK_CAPTURE_AUTORELEASING = YES;
				CLANG_WARN_BOOL_CONVERSION = YES;
				CLANG_WARN_COMMA = YES;
				CLANG_WARN_CONSTANT_CONVERSION = YES;
				CLANG_WARN_DEPRECATED_OBJC_IMPLEMENTATIONS = YES;
				CLANG_WARN_DIRECT_OBJC_ISA_USAGE = YES_ERROR;
				CLANG_WARN_DOCUMENTATION_COMMENTS = YES;
				CLANG_WARN_EMPTY_BODY = YES;
				CLANG_WARN_ENUM_CONVERSION = YES;
				CLANG_WARN_INFINITE_RECURSION = YES;
				CLANG_WARN_INT_CONVERSION = YES;
				CLANG_WARN_NON_LITERAL_NULL_CONVERSION = YES;
				CLANG_WARN_OBJC_IMPLICIT_RETAIN_SELF = YES;
				CLANG_WARN_OBJC_LITERAL_CONVERSION = YES;
				CLANG_WARN_OBJC_ROOT_CLASS = YES_ERROR;
				CLANG_WARN_QUOTED_INCLUDE_IN_FRAMEWORK_HEADER = YES;
				CLANG_WARN_RANGE_LOOP_ANALYSIS = YES;
				CLANG_WARN_STRICT_PROTOTYPES = YES;
				CLANG_WARN_SUSPICIOUS_MOVE = YES;
				CLANG_WARN_UNGUARDED_AVAILABILITY = YES_AGGRESSIVE;
				CLANG_WARN_UNREACHABLE_CODE = YES;
				CLANG_WARN__DUPLICATE_METHOD_MATCH = YES;
				COPY_PHASE_STRIP = NO;
				DEBUG_INFORMATION_FORMAT = dwarf;
				ENABLE_STRICT_OBJC_MSGSEND = YES;
				ENABLE_TESTABILITY = YES;
				GCC_C_LANGUAGE_STANDARD = gnu11;
				GCC_DYNAMIC_NO_PIC = NO;
				GCC_NO_COMMON_BLOCKS = YES;
				GCC_OPTIMIZATION_LEVEL = 0;
				GCC_PREPROCESSOR_DEFINITIONS = (
					"DEBUG=1",
					"$(inherited)",
				);
				GCC_WARN_64_TO_32_BIT_CONVERSION = YES;
				GCC_WARN_ABOUT_RETURN_TYPE = YES_ERROR;
				GCC_WARN_UNDECLARED_SELECTOR = YES;
				GCC_WARN_UNINITIALIZED_AUTOS = YES_AGGRESSIVE;
				GCC_WARN_UNUSED_FUNCTION = YES;
				GCC_WARN_UNUSED_VARIABLE = YES;
				IPHONEOS_DEPLOYMENT_TARGET = 14.4;
				MTL_ENABLE_DEBUG_INFO = INCLUDE_SOURCE;
				MTL_FAST_MATH = YES;
				ONLY_ACTIVE_ARCH = YES;
				SDKROOT = iphoneos;
				SWIFT_ACTIVE_COMPILATION_CONDITIONS = DEBUG;
				SWIFT_OPTIMIZATION_LEVEL = "-Onone";
			};
			name = Debug;
		};
		5551EB652613A2FF00524AC2 /* Release */ = {
			isa = XCBuildConfiguration;
			buildSettings = {
				ALWAYS_SEARCH_USER_PATHS = NO;
				CLANG_ANALYZER_NONNULL = YES;
				CLANG_ANALYZER_NUMBER_OBJECT_CONVERSION = YES_AGGRESSIVE;
				CLANG_CXX_LANGUAGE_STANDARD = "gnu++14";
				CLANG_CXX_LIBRARY = "libc++";
				CLANG_ENABLE_MODULES = YES;
				CLANG_ENABLE_OBJC_ARC = YES;
				CLANG_ENABLE_OBJC_WEAK = YES;
				CLANG_WARN_BLOCK_CAPTURE_AUTORELEASING = YES;
				CLANG_WARN_BOOL_CONVERSION = YES;
				CLANG_WARN_COMMA = YES;
				CLANG_WARN_CONSTANT_CONVERSION = YES;
				CLANG_WARN_DEPRECATED_OBJC_IMPLEMENTATIONS = YES;
				CLANG_WARN_DIRECT_OBJC_ISA_USAGE = YES_ERROR;
				CLANG_WARN_DOCUMENTATION_COMMENTS = YES;
				CLANG_WARN_EMPTY_BODY = YES;
				CLANG_WARN_ENUM_CONVERSION = YES;
				CLANG_WARN_INFINITE_RECURSION = YES;
				CLANG_WARN_INT_CONVERSION = YES;
				CLANG_WARN_NON_LITERAL_NULL_CONVERSION = YES;
				CLANG_WARN_OBJC_IMPLICIT_RETAIN_SELF = YES;
				CLANG_WARN_OBJC_LITERAL_CONVERSION = YES;
				CLANG_WARN_OBJC_ROOT_CLASS = YES_ERROR;
				CLANG_WARN_QUOTED_INCLUDE_IN_FRAMEWORK_HEADER = YES;
				CLANG_WARN_RANGE_LOOP_ANALYSIS = YES;
				CLANG_WARN_STRICT_PROTOTYPES = YES;
				CLANG_WARN_SUSPICIOUS_MOVE = YES;
				CLANG_WARN_UNGUARDED_AVAILABILITY = YES_AGGRESSIVE;
				CLANG_WARN_UNREACHABLE_CODE = YES;
				CLANG_WARN__DUPLICATE_METHOD_MATCH = YES;
				COPY_PHASE_STRIP = NO;
				DEBUG_INFORMATION_FORMAT = "dwarf-with-dsym";
				ENABLE_NS_ASSERTIONS = NO;
				ENABLE_STRICT_OBJC_MSGSEND = YES;
				GCC_C_LANGUAGE_STANDARD = gnu11;
				GCC_NO_COMMON_BLOCKS = YES;
				GCC_WARN_64_TO_32_BIT_CONVERSION = YES;
				GCC_WARN_ABOUT_RETURN_TYPE = YES_ERROR;
				GCC_WARN_UNDECLARED_SELECTOR = YES;
				GCC_WARN_UNINITIALIZED_AUTOS = YES_AGGRESSIVE;
				GCC_WARN_UNUSED_FUNCTION = YES;
				GCC_WARN_UNUSED_VARIABLE = YES;
				IPHONEOS_DEPLOYMENT_TARGET = 14.4;
				MTL_ENABLE_DEBUG_INFO = NO;
				MTL_FAST_MATH = YES;
				SDKROOT = iphoneos;
				SWIFT_COMPILATION_MODE = wholemodule;
				SWIFT_OPTIMIZATION_LEVEL = "-O";
				VALIDATE_PRODUCT = YES;
			};
			name = Release;
		};
		5551EB672613A2FF00524AC2 /* Debug */ = {
			isa = XCBuildConfiguration;
			buildSettings = {
				ASSETCATALOG_COMPILER_APPICON_NAME = AppIcon;
				ASSETCATALOG_COMPILER_GLOBAL_ACCENT_COLOR_NAME = AccentColor;
				CODE_SIGN_STYLE = Automatic;
				DEVELOPMENT_ASSET_PATHS = "\"nom/Preview Content\"";
				DEVELOPMENT_TEAM = TF2S2DGS32;
				ENABLE_PREVIEWS = YES;
				INFOPLIST_FILE = nom/Info.plist;
				IPHONEOS_DEPLOYMENT_TARGET = 14.0;
				LD_RUNPATH_SEARCH_PATHS = (
					"$(inherited)",
					"@executable_path/Frameworks",
				);
				PRODUCT_BUNDLE_IDENTIFIER = TACo.nom;
				PRODUCT_NAME = "$(TARGET_NAME)";
				SWIFT_VERSION = 5.0;
				TARGETED_DEVICE_FAMILY = "1,2";
			};
			name = Debug;
		};
		5551EB682613A2FF00524AC2 /* Release */ = {
			isa = XCBuildConfiguration;
			buildSettings = {
				ASSETCATALOG_COMPILER_APPICON_NAME = AppIcon;
				ASSETCATALOG_COMPILER_GLOBAL_ACCENT_COLOR_NAME = AccentColor;
				CODE_SIGN_STYLE = Automatic;
				DEVELOPMENT_ASSET_PATHS = "\"nom/Preview Content\"";
				DEVELOPMENT_TEAM = TF2S2DGS32;
				ENABLE_PREVIEWS = YES;
				INFOPLIST_FILE = nom/Info.plist;
				IPHONEOS_DEPLOYMENT_TARGET = 14.0;
				LD_RUNPATH_SEARCH_PATHS = (
					"$(inherited)",
					"@executable_path/Frameworks",
				);
				PRODUCT_BUNDLE_IDENTIFIER = TACo.nom;
				PRODUCT_NAME = "$(TARGET_NAME)";
				SWIFT_VERSION = 5.0;
				TARGETED_DEVICE_FAMILY = "1,2";
			};
			name = Release;
		};
		5551EB6A2613A2FF00524AC2 /* Debug */ = {
			isa = XCBuildConfiguration;
			buildSettings = {
				ALWAYS_EMBED_SWIFT_STANDARD_LIBRARIES = YES;
				BUNDLE_LOADER = "$(TEST_HOST)";
				CODE_SIGN_STYLE = Automatic;
				DEVELOPMENT_TEAM = TF2S2DGS32;
				INFOPLIST_FILE = nomTests/Info.plist;
				IPHONEOS_DEPLOYMENT_TARGET = 14.0;
				LD_RUNPATH_SEARCH_PATHS = (
					"$(inherited)",
					"@executable_path/Frameworks",
					"@loader_path/Frameworks",
				);
				PRODUCT_BUNDLE_IDENTIFIER = TACo.nomTests;
				PRODUCT_NAME = "$(TARGET_NAME)";
				SWIFT_VERSION = 5.0;
				TARGETED_DEVICE_FAMILY = "1,2";
				TEST_HOST = "$(BUILT_PRODUCTS_DIR)/nom.app/nom";
			};
			name = Debug;
		};
		5551EB6B2613A2FF00524AC2 /* Release */ = {
			isa = XCBuildConfiguration;
			buildSettings = {
				ALWAYS_EMBED_SWIFT_STANDARD_LIBRARIES = YES;
				BUNDLE_LOADER = "$(TEST_HOST)";
				CODE_SIGN_STYLE = Automatic;
				DEVELOPMENT_TEAM = TF2S2DGS32;
				INFOPLIST_FILE = nomTests/Info.plist;
				IPHONEOS_DEPLOYMENT_TARGET = 14.0;
				LD_RUNPATH_SEARCH_PATHS = (
					"$(inherited)",
					"@executable_path/Frameworks",
					"@loader_path/Frameworks",
				);
				PRODUCT_BUNDLE_IDENTIFIER = TACo.nomTests;
				PRODUCT_NAME = "$(TARGET_NAME)";
				SWIFT_VERSION = 5.0;
				TARGETED_DEVICE_FAMILY = "1,2";
				TEST_HOST = "$(BUILT_PRODUCTS_DIR)/nom.app/nom";
			};
			name = Release;
		};
		5551EB6D2613A2FF00524AC2 /* Debug */ = {
			isa = XCBuildConfiguration;
			buildSettings = {
				ALWAYS_EMBED_SWIFT_STANDARD_LIBRARIES = YES;
				CODE_SIGN_STYLE = Automatic;
				DEVELOPMENT_TEAM = TF2S2DGS32;
				INFOPLIST_FILE = nomUITests/Info.plist;
				LD_RUNPATH_SEARCH_PATHS = (
					"$(inherited)",
					"@executable_path/Frameworks",
					"@loader_path/Frameworks",
				);
				PRODUCT_BUNDLE_IDENTIFIER = TACo.nomUITests;
				PRODUCT_NAME = "$(TARGET_NAME)";
				SWIFT_VERSION = 5.0;
				TARGETED_DEVICE_FAMILY = "1,2";
				TEST_TARGET_NAME = nom;
			};
			name = Debug;
		};
		5551EB6E2613A2FF00524AC2 /* Release */ = {
			isa = XCBuildConfiguration;
			buildSettings = {
				ALWAYS_EMBED_SWIFT_STANDARD_LIBRARIES = YES;
				CODE_SIGN_STYLE = Automatic;
				DEVELOPMENT_TEAM = TF2S2DGS32;
				INFOPLIST_FILE = nomUITests/Info.plist;
				LD_RUNPATH_SEARCH_PATHS = (
					"$(inherited)",
					"@executable_path/Frameworks",
					"@loader_path/Frameworks",
				);
				PRODUCT_BUNDLE_IDENTIFIER = TACo.nomUITests;
				PRODUCT_NAME = "$(TARGET_NAME)";
				SWIFT_VERSION = 5.0;
				TARGETED_DEVICE_FAMILY = "1,2";
				TEST_TARGET_NAME = nom;
			};
			name = Release;
		};
/* End XCBuildConfiguration section */

/* Begin XCConfigurationList section */
		5551EB3C2613A2FE00524AC2 /* Build configuration list for PBXProject "nom" */ = {
			isa = XCConfigurationList;
			buildConfigurations = (
				5551EB642613A2FF00524AC2 /* Debug */,
				5551EB652613A2FF00524AC2 /* Release */,
			);
			defaultConfigurationIsVisible = 0;
			defaultConfigurationName = Release;
		};
		5551EB662613A2FF00524AC2 /* Build configuration list for PBXNativeTarget "nom" */ = {
			isa = XCConfigurationList;
			buildConfigurations = (
				5551EB672613A2FF00524AC2 /* Debug */,
				5551EB682613A2FF00524AC2 /* Release */,
			);
			defaultConfigurationIsVisible = 0;
			defaultConfigurationName = Release;
		};
		5551EB692613A2FF00524AC2 /* Build configuration list for PBXNativeTarget "nomTests" */ = {
			isa = XCConfigurationList;
			buildConfigurations = (
				5551EB6A2613A2FF00524AC2 /* Debug */,
				5551EB6B2613A2FF00524AC2 /* Release */,
			);
			defaultConfigurationIsVisible = 0;
			defaultConfigurationName = Release;
		};
		5551EB6C2613A2FF00524AC2 /* Build configuration list for PBXNativeTarget "nomUITests" */ = {
			isa = XCConfigurationList;
			buildConfigurations = (
				5551EB6D2613A2FF00524AC2 /* Debug */,
				5551EB6E2613A2FF00524AC2 /* Release */,
			);
			defaultConfigurationIsVisible = 0;
			defaultConfigurationName = Release;
		};
/* End XCConfigurationList section */
	};
	rootObject = 5551EB392613A2FE00524AC2 /* Project object */;
}
